
Microsoft Visual Studio Solution File, Format Version 12.00
# Visual Studio Version 17
VisualStudioVersion = 17.14.36915.13
MinimumVisualStudioVersion = 10.0.40219.1
Project("{FAE04EC0-301F-11D3-BF4B-00C04F79EFBC}") = "WorkflowHost", "WorkflowHost\WorkflowHost.csproj", "{96F6E356-B4BF-4125-8A9B-5B17CA6ADE03}"
EndProject
Project("{FAE04EC0-301F-11D3-BF4B-00C04F79EFBC}") = "WorkflowWebUi", "WorkflowWebUi\WorkflowWebUi.csproj", "{F6AC759F-DB02-184A-2E12-933C8F8DD66D}"
EndProject
Global
	GlobalSection(SolutionConfigurationPlatforms) = preSolution
		Debug|Any CPU = Debug|Any CPU
		Release|Any CPU = Release|Any CPU
	EndGlobalSection
	GlobalSection(ProjectConfigurationPlatforms) = postSolution
		{96F6E356-B4BF-4125-8A9B-5B17CA6ADE03}.Debug|Any CPU.ActiveCfg = Debug|Any CPU
		{96F6E356-B4BF-4125-8A9B-5B17CA6ADE03}.Debug|Any CPU.Build.0 = Debug|Any CPU
		{96F6E356-B4BF-4125-8A9B-5B17CA6ADE03}.Release|Any CPU.ActiveCfg = Release|Any CPU
		{96F6E356-B4BF-4125-8A9B-5B17CA6ADE03}.Release|Any CPU.Build.0 = Release|Any CPU
		{F6AC759F-DB02-184A-2E12-933C8F8DD66D}.Debug|Any CPU.ActiveCfg = Debug|Any CPU
		{F6AC759F-DB02-184A-2E12-933C8F8DD66D}.Debug|Any CPU.Build.0 = Debug|Any CPU
		{F6AC759F-DB02-184A-2E12-933C8F8DD66D}.Release|Any CPU.ActiveCfg = Release|Any CPU
		{F6AC759F-DB02-184A-2E12-933C8F8DD66D}.Release|Any CPU.Build.0 = Release|Any CPU
	EndGlobalSection
	GlobalSection(SolutionProperties) = preSolution
		HideSolutionNode = FALSE
	EndGlobalSection
	GlobalSection(ExtensibilityGlobals) = postSolution
		SolutionGuid = {9E8847A9-E4A9-4D12-8179-EFE9C9217E76}
	EndGlobalSection
EndGlobal
